PODS:
  - Capacitor (8.1.0):
    - CapacitorCordova
  - CapacitorCordova (8.1.0)

DEPENDENCIES:
  - "Capacitor (from `../../node_modules/@capacitor/ios`)"
  - "CapacitorCordova (from `../../node_modules/@capacitor/ios`)"

EXTERNAL SOURCES:
  Capacitor:
    :path: "../../node_modules/@capacitor/ios"
  CapacitorCordova:
    :path: "../../node_modules/@capacitor/ios"

SPEC CHECKSUMS:
  Capacitor: 830fc6ff88e99bb5ba48350f02c01ab01ba3b2b8
  CapacitorCordova: e8b76fd95fc1e157775abc484c59cc0de464095d

PODFILE CHECKSUM: 878e65f8a14f6a372cb8907baffc317c39cc0997

COCOAPODS: 1.12.1
